
Microsoft Visual Studio Solution File, Format Version 12.00
# Visual Studio Version 17
VisualStudioVersion = 17.6.33723.286
MinimumVisualStudioVersion = 10.0.40219.1
Project("{FAE04EC0-301F-11D3-BF4B-00C04F79EFBC}") = "YYA.Blog.UserSecrets.WebApi", "src\YYA.Blog.UserSecrets.WebApi\YYA.Blog.UserSecrets.WebApi.csproj", "{6A24C893-DEE7-43D4-8BF9-C4AAADF85AD3}"
EndProject
Global
	GlobalSection(SolutionConfigurationPlatforms) = preSolution
		Debug|Any CPU = Debug|Any CPU
		Release|Any CPU = Release|Any CPU
	EndGlobalSection
	GlobalSection(ProjectConfigurationPlatforms) = postSolution
		{6A24C893-DEE7-43D4-8BF9-C4AAADF85AD3}.Debug|Any CPU.ActiveCfg = Debug|Any CPU
		{6A24C893-DEE7-43D4-8BF9-C4AAADF85AD3}.Debug|Any CPU.Build.0 = Debug|Any CPU
		{6A24C893-DEE7-43D4-8BF9-C4AAADF85AD3}.Release|Any CPU.ActiveCfg = Release|Any CPU
		{6A24C893-DEE7-43D4-8BF9-C4AAADF85AD3}.Release|Any CPU.Build.0 = Release|Any CPU
	EndGlobalSection
	GlobalSection(SolutionProperties) = preSolution
		HideSolutionNode = FALSE
	EndGlobalSection
	GlobalSection(ExtensibilityGlobals) = postSolution
		SolutionGuid = {0EB75DD8-AE7A-49D5-B279-5A4625216873}
	EndGlobalSection
EndGlobal
